
Microsoft Visual Studio Solution File, Format Version 12.00
# Visual Studio 15
VisualStudioVersion = 15.0.28307.902
MinimumVisualStudioVersion = 10.0.40219.1
Project("{FAE04EC0-301F-11D3-BF4B-00C04F79EFBC}") = "Modern_setting_form", "Modern_setting_form\Modern_setting_form.csproj", "{FC051514-E671-46B5-B68C-552F50A52DAC}"
EndProject
Global
	GlobalSection(SolutionConfigurationPlatforms) = preSolution
		Debug|Any CPU = Debug|Any CPU
		Release|Any CPU = Release|Any CPU
	EndGlobalSection
	GlobalSection(ProjectConfigurationPlatforms) = postSolution
		{FC051514-E671-46B5-B68C-552F50A52DAC}.Debug|Any CPU.ActiveCfg = Debug|Any CPU
		{FC051514-E671-46B5-B68C-552F50A52DAC}.Debug|Any CPU.Build.0 = Debug|Any CPU
		{FC051514-E671-46B5-B68C-552F50A52DAC}.Release|Any CPU.ActiveCfg = Release|Any CPU
		{FC051514-E671-46B5-B68C-552F50A52DAC}.Release|Any CPU.Build.0 = Release|Any CPU
	EndGlobalSection
	GlobalSection(SolutionProperties) = preSolution
		HideSolutionNode = FALSE
	EndGlobalSection
	GlobalSection(ExtensibilityGlobals) = postSolution
		SolutionGuid = {71799B0F-D8D7-4FF9-B626-84FE433921EF}
	EndGlobalSection
EndGlobal
